// !$*UTF8*$!
{
	archiveVersion = 1;
	classes = {
	};
	objectVersion = 46;
	objects = {

/* Begin PBXBuildFile section */
		0740352C1D95A66A007867DF /* F53OSCBundle.m in Sources */ = {isa = PBXBuildFile; fileRef = 0740350F1D95A66A007867DF /* F53OSCBundle.m */; };
		0740352D1D95A66A007867DF /* F53OSCClient.m in Sources */ = {isa = PBXBuildFile; fileRef = 074035111D95A66A007867DF /* F53OSCClient.m */; };
		0740352E1D95A66A007867DF /* F53OSCMessage.m in Sources */ = {isa = PBXBuildFile; fileRef = 074035141D95A66A007867DF /* F53OSCMessage.m */; };
		0740352F1D95A66A007867DF /* F53OSCPacket.m in Sources */ = {isa = PBXBuildFile; fileRef = 074035161D95A66A007867DF /* F53OSCPacket.m */; };
		074035301D95A66A007867DF /* F53OSCParser.m in Sources */ = {isa = PBXBuildFile; fileRef = 074035181D95A66A007867DF /* F53OSCParser.m */; };
		074035311D95A66A007867DF /* F53OSCServer.m in Sources */ = {isa = PBXBuildFile; fileRef = 0740351B1D95A66A007867DF /* F53OSCServer.m */; };
		074035321D95A66A007867DF /* F53OSCSocket.m in Sources */ = {isa = PBXBuildFile; fileRef = 0740351D1D95A66A007867DF /* F53OSCSocket.m */; };
		074035331D95A66A007867DF /* F53OSCTimeTag.m in Sources */ = {isa = PBXBuildFile; fileRef = 0740351F1D95A66A007867DF /* F53OSCTimeTag.m */; };
		074035341D95A66A007867DF /* GCDAsyncSocket.m in Sources */ = {isa = PBXBuildFile; fileRef = 074035211D95A66A007867DF /* GCDAsyncSocket.m */; };
		074035351D95A66A007867DF /* GCDAsyncUdpSocket.m in Sources */ = {isa = PBXBuildFile; fileRef = 074035231D95A66A007867DF /* GCDAsyncUdpSocket.m */; };
		074035361D95A66A007867DF /* NSData+F53OSCBlob.m in Sources */ = {isa = PBXBuildFile; fileRef = 074035251D95A66A007867DF /* NSData+F53OSCBlob.m */; };
		074035371D95A66A007867DF /* NSDate+F53OSCTimeTag.m in Sources */ = {isa = PBXBuildFile; fileRef = 074035271D95A66A007867DF /* NSDate+F53OSCTimeTag.m */; };
		074035381D95A66A007867DF /* NSNumber+F53OSCNumber.m in Sources */ = {isa = PBXBuildFile; fileRef = 074035291D95A66A007867DF /* NSNumber+F53OSCNumber.m */; };
		074035391D95A66A007867DF /* NSString+F53OSCString.m in Sources */ = {isa = PBXBuildFile; fileRef = 0740352B1D95A66A007867DF /* NSString+F53OSCString.m */; };
		0741945A1D94320900376EF1 /* AppDelegate.swift in Sources */ = {isa = PBXBuildFile; fileRef = 074194591D94320900376EF1 /* AppDelegate.swift */; };
		0741945C1D94320900376EF1 /* ViewController.swift in Sources */ = {isa = PBXBuildFile; fileRef = 0741945B1D94320900376EF1 /* ViewController.swift */; };
		0741945F1D94320900376EF1 /* Main.storyboard in Resources */ = {isa = PBXBuildFile; fileRef = 0741945D1D94320900376EF1 /* Main.storyboard */; };
		074194611D94320900376EF1 /* Assets.xcassets in Resources */ = {isa = PBXBuildFile; fileRef = 074194601D94320900376EF1 /* Assets.xcassets */; };
		074194641D94320900376EF1 /* LaunchScreen.storyboard in Resources */ = {isa = PBXBuildFile; fileRef = 074194621D94320900376EF1 /* LaunchScreen.storyboard */; };
		0741946C1D9442B800376EF1 /* Media.xcassets in Resources */ = {isa = PBXBuildFile; fileRef = 0741946B1D9442B800376EF1 /* Media.xcassets */; };
		07C2961E1D9473350033A5BE /* ArithmeticTools.framework in Frameworks */ = {isa = PBXBuildFile; fileRef = 07C296191D9473350033A5BE /* ArithmeticTools.framework */; };
		07C2961F1D9473360033A5BE /* ArithmeticTools.framework in Embed Frameworks */ = {isa = PBXBuildFile; fileRef = 07C296191D9473350033A5BE /* ArithmeticTools.framework */; settings = {ATTRIBUTES = (CodeSignOnCopy, RemoveHeadersOnCopy, ); }; };
		07C296201D9473360033A5BE /* ArrayTools.framework in Frameworks */ = {isa = PBXBuildFile; fileRef = 07C2961A1D9473350033A5BE /* ArrayTools.framework */; };
		07C296211D9473360033A5BE /* ArrayTools.framework in Embed Frameworks */ = {isa = PBXBuildFile; fileRef = 07C2961A1D9473350033A5BE /* ArrayTools.framework */; settings = {ATTRIBUTES = (CodeSignOnCopy, RemoveHeadersOnCopy, ); }; };
		07C296221D9473360033A5BE /* DictionaryTools.framework in Frameworks */ = {isa = PBXBuildFile; fileRef = 07C2961B1D9473350033A5BE /* DictionaryTools.framework */; };
		07C296231D9473360033A5BE /* DictionaryTools.framework in Embed Frameworks */ = {isa = PBXBuildFile; fileRef = 07C2961B1D9473350033A5BE /* DictionaryTools.framework */; settings = {ATTRIBUTES = (CodeSignOnCopy, RemoveHeadersOnCopy, ); }; };
		07C296241D9473360033A5BE /* Labyrinth.framework in Frameworks */ = {isa = PBXBuildFile; fileRef = 07C2961C1D9473350033A5BE /* Labyrinth.framework */; };
		07C296251D9473360033A5BE /* Labyrinth.framework in Embed Frameworks */ = {isa = PBXBuildFile; fileRef = 07C2961C1D9473350033A5BE /* Labyrinth.framework */; settings = {ATTRIBUTES = (CodeSignOnCopy, RemoveHeadersOnCopy, ); }; };
		07C296261D9473360033A5BE /* Timeline.framework in Frameworks */ = {isa = PBXBuildFile; fileRef = 07C2961D1D9473350033A5BE /* Timeline.framework */; };
		07C296271D9473360033A5BE /* Timeline.framework in Embed Frameworks */ = {isa = PBXBuildFile; fileRef = 07C2961D1D9473350033A5BE /* Timeline.framework */; settings = {ATTRIBUTES = (CodeSignOnCopy, RemoveHeadersOnCopy, ); }; };
/* End PBXBuildFile section */

/* Begin PBXCopyFilesBuildPhase section */
		07C296281D9473360033A5BE /* Embed Frameworks */ = {
			isa = PBXCopyFilesBuildPhase;
			buildActionMask = 12;
			dstPath = "";
			dstSubfolderSpec = 10;
			files = (
				07C296251D9473360033A5BE /* Labyrinth.framework in Embed Frameworks */,
				07C296271D9473360033A5BE /* Timeline.framework in Embed Frameworks */,
				07C296211D9473360033A5BE /* ArrayTools.framework in Embed Frameworks */,
				07C296231D9473360033A5BE /* DictionaryTools.framework in Embed Frameworks */,
				07C2961F1D9473360033A5BE /* ArithmeticTools.framework in Embed Frameworks */,
			);
			name = "Embed Frameworks";
			runOnlyForDeploymentPostprocessing = 0;
		};
/* End PBXCopyFilesBuildPhase section */

/* Begin PBXFileReference section */
		0740350C1D95A669007867DF /* elevencircuits-Bridging-Header.h */ = {isa = PBXFileReference; lastKnownFileType = sourcecode.c.h; path = "elevencircuits-Bridging-Header.h"; sourceTree = "<group>"; };
		0740350D1D95A66A007867DF /* F53OSC.h */ = {isa = PBXFileReference; fileEncoding = 4; lastKnownFileType = sourcecode.c.h; path = F53OSC.h; sourceTree = "<group>"; };
		0740350E1D95A66A007867DF /* F53OSCBundle.h */ = {isa = PBXFileReference; fileEncoding = 4; lastKnownFileType = sourcecode.c.h; path = F53OSCBundle.h; sourceTree = "<group>"; };
		0740350F1D95A66A007867DF /* F53OSCBundle.m */ = {isa = PBXFileReference; fileEncoding = 4; lastKnownFileType = sourcecode.c.objc; path = F53OSCBundle.m; sourceTree = "<group>"; };
		074035101D95A66A007867DF /* F53OSCClient.h */ = {isa = PBXFileReference; fileEncoding = 4; lastKnownFileType = sourcecode.c.h; path = F53OSCClient.h; sourceTree = "<group>"; };
		074035111D95A66A007867DF /* F53OSCClient.m */ = {isa = PBXFileReference; fileEncoding = 4; lastKnownFileType = sourcecode.c.objc; path = F53OSCClient.m; sourceTree = "<group>"; };
		074035121D95A66A007867DF /* F53OSCFoundationAdditions.h */ = {isa = PBXFileReference; fileEncoding = 4; lastKnownFileType = sourcecode.c.h; path = F53OSCFoundationAdditions.h; sourceTree = "<group>"; };
		074035131D95A66A007867DF /* F53OSCMessage.h */ = {isa = PBXFileReference; fileEncoding = 4; lastKnownFileType = sourcecode.c.h; path = F53OSCMessage.h; sourceTree = "<group>"; };
		074035141D95A66A007867DF /* F53OSCMessage.m */ = {isa = PBXFileReference; fileEncoding = 4; lastKnownFileType = sourcecode.c.objc; path = F53OSCMessage.m; sourceTree = "<group>"; };
		074035151D95A66A007867DF /* F53OSCPacket.h */ = {isa = PBXFileReference; fileEncoding = 4; lastKnownFileType = sourcecode.c.h; path = F53OSCPacket.h; sourceTree = "<group>"; };
		074035161D95A66A007867DF /* F53OSCPacket.m */ = {isa = PBXFileReference; fileEncoding = 4; lastKnownFileType = sourcecode.c.objc; path = F53OSCPacket.m; sourceTree = "<group>"; };
		074035171D95A66A007867DF /* F53OSCParser.h */ = {isa = PBXFileReference; fileEncoding = 4; lastKnownFileType = sourcecode.c.h; path = F53OSCParser.h; sourceTree = "<group>"; };
		074035181D95A66A007867DF /* F53OSCParser.m */ = {isa = PBXFileReference; fileEncoding = 4; lastKnownFileType = sourcecode.c.objc; path = F53OSCParser.m; sourceTree = "<group>"; };
		074035191D95A66A007867DF /* F53OSCProtocols.h */ = {isa = PBXFileReference; fileEncoding = 4; lastKnownFileType = sourcecode.c.h; path = F53OSCProtocols.h; sourceTree = "<group>"; };
		0740351A1D95A66A007867DF /* F53OSCServer.h */ = {isa = PBXFileReference; fileEncoding = 4; lastKnownFileType = sourcecode.c.h; path = F53OSCServer.h; sourceTree = "<group>"; };
		0740351B1D95A66A007867DF /* F53OSCServer.m */ = {isa = PBXFileReference; fileEncoding = 4; lastKnownFileType = sourcecode.c.objc; path = F53OSCServer.m; sourceTree = "<group>"; };
		0740351C1D95A66A007867DF /* F53OSCSocket.h */ = {isa = PBXFileReference; fileEncoding = 4; lastKnownFileType = sourcecode.c.h; path = F53OSCSocket.h; sourceTree = "<group>"; };
		0740351D1D95A66A007867DF /* F53OSCSocket.m */ = {isa = PBXFileReference; fileEncoding = 4; lastKnownFileType = sourcecode.c.objc; path = F53OSCSocket.m; sourceTree = "<group>"; };
		0740351E1D95A66A007867DF /* F53OSCTimeTag.h */ = {isa = PBXFileReference; fileEncoding = 4; lastKnownFileType = sourcecode.c.h; path = F53OSCTimeTag.h; sourceTree = "<group>"; };
		0740351F1D95A66A007867DF /* F53OSCTimeTag.m */ = {isa = PBXFileReference; fileEncoding = 4; lastKnownFileType = sourcecode.c.objc; path = F53OSCTimeTag.m; sourceTree = "<group>"; };
		074035201D95A66A007867DF /* GCDAsyncSocket.h */ = {isa = PBXFileReference; fileEncoding = 4; lastKnownFileType = sourcecode.c.h; path = GCDAsyncSocket.h; sourceTree = "<group>"; };
		074035211D95A66A007867DF /* GCDAsyncSocket.m */ = {isa = PBXFileReference; fileEncoding = 4; lastKnownFileType = sourcecode.c.objc; path = GCDAsyncSocket.m; sourceTree = "<group>"; };
		074035221D95A66A007867DF /* GCDAsyncUdpSocket.h */ = {isa = PBXFileReference; fileEncoding = 4; lastKnownFileType = sourcecode.c.h; path = GCDAsyncUdpSocket.h; sourceTree = "<group>"; };
		074035231D95A66A007867DF /* GCDAsyncUdpSocket.m */ = {isa = PBXFileReference; fileEncoding = 4; lastKnownFileType = sourcecode.c.objc; path = GCDAsyncUdpSocket.m; sourceTree = "<group>"; };
		074035241D95A66A007867DF /* NSData+F53OSCBlob.h */ = {isa = PBXFileReference; fileEncoding = 4; lastKnownFileType = sourcecode.c.h; path = "NSData+F53OSCBlob.h"; sourceTree = "<group>"; };
		074035251D95A66A007867DF /* NSData+F53OSCBlob.m */ = {isa = PBXFileReference; fileEncoding = 4; lastKnownFileType = sourcecode.c.objc; path = "NSData+F53OSCBlob.m"; sourceTree = "<group>"; };
		074035261D95A66A007867DF /* NSDate+F53OSCTimeTag.h */ = {isa = PBXFileReference; fileEncoding = 4; lastKnownFileType = sourcecode.c.h; path = "NSDate+F53OSCTimeTag.h"; sourceTree = "<group>"; };
		074035271D95A66A007867DF /* NSDate+F53OSCTimeTag.m */ = {isa = PBXFileReference; fileEncoding = 4; lastKnownFileType = sourcecode.c.objc; path = "NSDate+F53OSCTimeTag.m"; sourceTree = "<group>"; };
		074035281D95A66A007867DF /* NSNumber+F53OSCNumber.h */ = {isa = PBXFileReference; fileEncoding = 4; lastKnownFileType = sourcecode.c.h; path = "NSNumber+F53OSCNumber.h"; sourceTree = "<group>"; };
		074035291D95A66A007867DF /* NSNumber+F53OSCNumber.m */ = {isa = PBXFileReference; fileEncoding = 4; lastKnownFileType = sourcecode.c.objc; path = "NSNumber+F53OSCNumber.m"; sourceTree = "<group>"; };
		0740352A1D95A66A007867DF /* NSString+F53OSCString.h */ = {isa = PBXFileReference; fileEncoding = 4; lastKnownFileType = sourcecode.c.h; path = "NSString+F53OSCString.h"; sourceTree = "<group>"; };
		0740352B1D95A66A007867DF /* NSString+F53OSCString.m */ = {isa = PBXFileReference; fileEncoding = 4; lastKnownFileType = sourcecode.c.objc; path = "NSString+F53OSCString.m"; sourceTree = "<group>"; };
		074194561D94320900376EF1 /* elevencircuits.app */ = {isa = PBXFileReference; explicitFileType = wrapper.application; includeInIndex = 0; path = elevencircuits.app; sourceTree = BUILT_PRODUCTS_DIR; };
		074194591D94320900376EF1 /* AppDelegate.swift */ = {isa = PBXFileReference; lastKnownFileType = sourcecode.swift; path = AppDelegate.swift; sourceTree = "<group>"; };
		0741945B1D94320900376EF1 /* ViewController.swift */ = {isa = PBXFileReference; lastKnownFileType = sourcecode.swift; path = ViewController.swift; sourceTree = "<group>"; };
		0741945E1D94320900376EF1 /* Base */ = {isa = PBXFileReference; lastKnownFileType = file.storyboard; name = Base; path = Base.lproj/Main.storyboard; sourceTree = "<group>"; };
		074194601D94320900376EF1 /* Assets.xcassets */ = {isa = PBXFileReference; lastKnownFileType = folder.assetcatalog; path = Assets.xcassets; sourceTree = "<group>"; };
		074194631D94320900376EF1 /* Base */ = {isa = PBXFileReference; lastKnownFileType = file.storyboard; name = Base; path = Base.lproj/LaunchScreen.storyboard; sourceTree = "<group>"; };
		074194651D94320900376EF1 /* Info.plist */ = {isa = PBXFileReference; lastKnownFileType = text.plist.xml; path = Info.plist; sourceTree = "<group>"; };
		0741946B1D9442B800376EF1 /* Media.xcassets */ = {isa = PBXFileReference; lastKnownFileType = folder.assetcatalog; path = Media.xcassets; sourceTree = "<group>"; };
		07C296191D9473350033A5BE /* ArithmeticTools.framework */ = {isa = PBXFileReference; lastKnownFileType = wrapper.framework; name = ArithmeticTools.framework; path = Carthage/Build/iOS/ArithmeticTools.framework; sourceTree = "<group>"; };
		07C2961A1D9473350033A5BE /* ArrayTools.framework */ = {isa = PBXFileReference; lastKnownFileType = wrapper.framework; name = ArrayTools.framework; path = Carthage/Build/iOS/ArrayTools.framework; sourceTree = "<group>"; };
		07C2961B1D9473350033A5BE /* DictionaryTools.framework */ = {isa = PBXFileReference; lastKnownFileType = wrapper.framework; name = DictionaryTools.framework; path = Carthage/Build/iOS/DictionaryTools.framework; sourceTree = "<group>"; };
		07C2961C1D9473350033A5BE /* Labyrinth.framework */ = {isa = PBXFileReference; lastKnownFileType = wrapper.framework; name = Labyrinth.framework; path = Carthage/Build/iOS/Labyrinth.framework; sourceTree = "<group>"; };
		07C2961D1D9473350033A5BE /* Timeline.framework */ = {isa = PBXFileReference; lastKnownFileType = wrapper.framework; name = Timeline.framework; path = Carthage/Build/iOS/Timeline.framework; sourceTree = "<group>"; };
/* End PBXFileReference section */

/* Begin PBXFrameworksBuildPhase section */
		074194531D94320900376EF1 /* Frameworks */ = {
			isa = PBXFrameworksBuildPhase;
			buildActionMask = 2147483647;
			files = (
				07C296241D9473360033A5BE /* Labyrinth.framework in Frameworks */,
				07C296261D9473360033A5BE /* Timeline.framework in Frameworks */,
				07C296201D9473360033A5BE /* ArrayTools.framework in Frameworks */,
				07C296221D9473360033A5BE /* DictionaryTools.framework in Frameworks */,
				07C2961E1D9473350033A5BE /* ArithmeticTools.framework in Frameworks */,
			);
			runOnlyForDeploymentPostprocessing = 0;
		};
/* End PBXFrameworksBuildPhase section */

/* Begin PBXGroup section */
		0740350B1D95A650007867DF /* F53OSC */ = {
			isa = PBXGroup;
			children = (
				0740350D1D95A66A007867DF /* F53OSC.h */,
				0740350E1D95A66A007867DF /* F53OSCBundle.h */,
				0740350F1D95A66A007867DF /* F53OSCBundle.m */,
				074035101D95A66A007867DF /* F53OSCClient.h */,
				074035111D95A66A007867DF /* F53OSCClient.m */,
				074035121D95A66A007867DF /* F53OSCFoundationAdditions.h */,
				074035131D95A66A007867DF /* F53OSCMessage.h */,
				074035141D95A66A007867DF /* F53OSCMessage.m */,
				074035151D95A66A007867DF /* F53OSCPacket.h */,
				074035161D95A66A007867DF /* F53OSCPacket.m */,
				074035171D95A66A007867DF /* F53OSCParser.h */,
				074035181D95A66A007867DF /* F53OSCParser.m */,
				074035191D95A66A007867DF /* F53OSCProtocols.h */,
				0740351A1D95A66A007867DF /* F53OSCServer.h */,
				0740351B1D95A66A007867DF /* F53OSCServer.m */,
				0740351C1D95A66A007867DF /* F53OSCSocket.h */,
				0740351D1D95A66A007867DF /* F53OSCSocket.m */,
				0740351E1D95A66A007867DF /* F53OSCTimeTag.h */,
				0740351F1D95A66A007867DF /* F53OSCTimeTag.m */,
				074035201D95A66A007867DF /* GCDAsyncSocket.h */,
				074035211D95A66A007867DF /* GCDAsyncSocket.m */,
				074035221D95A66A007867DF /* GCDAsyncUdpSocket.h */,
				074035231D95A66A007867DF /* GCDAsyncUdpSocket.m */,
				074035241D95A66A007867DF /* NSData+F53OSCBlob.h */,
				074035251D95A66A007867DF /* NSData+F53OSCBlob.m */,
				074035261D95A66A007867DF /* NSDate+F53OSCTimeTag.h */,
				074035271D95A66A007867DF /* NSDate+F53OSCTimeTag.m */,
				074035281D95A66A007867DF /* NSNumber+F53OSCNumber.h */,
				074035291D95A66A007867DF /* NSNumber+F53OSCNumber.m */,
				0740352A1D95A66A007867DF /* NSString+F53OSCString.h */,
				0740352B1D95A66A007867DF /* NSString+F53OSCString.m */,
				0740350C1D95A669007867DF /* elevencircuits-Bridging-Header.h */,
			);
			name = F53OSC;
			sourceTree = "<group>";
		};
		0741944D1D94320900376EF1 = {
			isa = PBXGroup;
			children = (
				07C296191D9473350033A5BE /* ArithmeticTools.framework */,
				07C2961A1D9473350033A5BE /* ArrayTools.framework */,
				07C2961B1D9473350033A5BE /* DictionaryTools.framework */,
				07C2961C1D9473350033A5BE /* Labyrinth.framework */,
				07C2961D1D9473350033A5BE /* Timeline.framework */,
				074194581D94320900376EF1 /* elevencircuits */,
				074194571D94320900376EF1 /* Products */,
			);
			sourceTree = "<group>";
		};
		074194571D94320900376EF1 /* Products */ = {
			isa = PBXGroup;
			children = (
				074194561D94320900376EF1 /* elevencircuits.app */,
			);
			name = Products;
			sourceTree = "<group>";
		};
		074194581D94320900376EF1 /* elevencircuits */ = {
			isa = PBXGroup;
			children = (
				0740350B1D95A650007867DF /* F53OSC */,
				074194591D94320900376EF1 /* AppDelegate.swift */,
				0741945B1D94320900376EF1 /* ViewController.swift */,
				0741945D1D94320900376EF1 /* Main.storyboard */,
				0741946B1D9442B800376EF1 /* Media.xcassets */,
				074194601D94320900376EF1 /* Assets.xcassets */,
				074194621D94320900376EF1 /* LaunchScreen.storyboard */,
				074194651D94320900376EF1 /* Info.plist */,
			);
			path = elevencircuits;
			sourceTree = "<group>";
		};
/* End PBXGroup section */

/* Begin PBXNativeTarget section */
		074194551D94320900376EF1 /* elevencircuits */ = {
			isa = PBXNativeTarget;
			buildConfigurationList = 074194681D94320900376EF1 /* Build configuration list for PBXNativeTarget "elevencircuits" */;
			buildPhases = (
				074194521D94320900376EF1 /* Sources */,
				074194531D94320900376EF1 /* Frameworks */,
				074194541D94320900376EF1 /* Resources */,
				07C296281D9473360033A5BE /* Embed Frameworks */,
				07A6CF4D1D94765100BC5C32 /* ShellScript */,
			);
			buildRules = (
			);
			dependencies = (
			);
			name = elevencircuits;
			productName = elevencircuits;
			productReference = 074194561D94320900376EF1 /* elevencircuits.app */;
			productType = "com.apple.product-type.application";
		};
/* End PBXNativeTarget section */

/* Begin PBXProject section */
		0741944E1D94320900376EF1 /* Project object */ = {
			isa = PBXProject;
			attributes = {
				LastSwiftUpdateCheck = 0800;
				LastUpgradeCheck = 0800;
				ORGANIZATIONNAME = "James Bean";
				TargetAttributes = {
					074194551D94320900376EF1 = {
						CreatedOnToolsVersion = 8.0;
						DevelopmentTeam = F8LCL8SXLX;
						LastSwiftMigration = 0800;
						ProvisioningStyle = Automatic;
					};
				};
			};
			buildConfigurationList = 074194511D94320900376EF1 /* Build configuration list for PBXProject "elevencircuits" */;
			compatibilityVersion = "Xcode 3.2";
			developmentRegion = English;
			hasScannedForEncodings = 0;
			knownRegions = (
				en,
				Base,
			);
			mainGroup = 0741944D1D94320900376EF1;
			productRefGroup = 074194571D94320900376EF1 /* Products */;
			projectDirPath = "";
			projectRoot = "";
			targets = (
				074194551D94320900376EF1 /* elevencircuits */,
			);
		};
/* End PBXProject section */

/* Begin PBXResourcesBuildPhase section */
		074194541D94320900376EF1 /* Resources */ = {
			isa = PBXResourcesBuildPhase;
			buildActionMask = 2147483647;
			files = (
				074194641D94320900376EF1 /* LaunchScreen.storyboard in Resources */,
				074194611D94320900376EF1 /* Assets.xcassets in Resources */,
				0741946C1D9442B800376EF1 /* Media.xcassets in Resources */,
				0741945F1D94320900376EF1 /* Main.storyboard in Resources */,
			);
			runOnlyForDeploymentPostprocessing = 0;
		};
/* End PBXResourcesBuildPhase section */

/* Begin PBXShellScriptBuildPhase section */
		07A6CF4D1D94765100BC5C32 /* ShellScript */ = {
			isa = PBXShellScriptBuildPhase;
			buildActionMask = 2147483647;
			files = (
			);
			inputPaths = (
				"$(SRCROOT)/Carthage/Build/iOS/ArrayTools.framework",
				"$(SRCROOT)/Carthage/Build/iOS/DictionaryTools.framework",
				"$(SRCROOT)/Carthage/Build/iOS/ArithmeticTools.framework",
				"$(SRCROOT)/Carthage/Build/iOS/Timeline.framework",
				"$(SRCROOT)/Carthage/Build/iOS/Labyrinth.framework",
			);
			outputPaths = (
			);
			runOnlyForDeploymentPostprocessing = 0;
			shellPath = /bin/sh;
			shellScript = "/usr/local/bin/carthage copy-frameworks";
		};
/* End PBXShellScriptBuildPhase section */

/* Begin PBXSourcesBuildPhase section */
		074194521D94320900376EF1 /* Sources */ = {
			isa = PBXSourcesBuildPhase;
			buildActionMask = 2147483647;
			files = (
				0740352E1D95A66A007867DF /* F53OSCMessage.m in Sources */,
				074035361D95A66A007867DF /* NSData+F53OSCBlob.m in Sources */,
				0741945C1D94320900376EF1 /* ViewController.swift in Sources */,
				0741945A1D94320900376EF1 /* AppDelegate.swift in Sources */,
				074035311D95A66A007867DF /* F53OSCServer.m in Sources */,
				074035351D95A66A007867DF /* GCDAsyncUdpSocket.m in Sources */,
				0740352C1D95A66A007867DF /* F53OSCBundle.m in Sources */,
				074035371D95A66A007867DF /* NSDate+F53OSCTimeTag.m in Sources */,
				0740352F1D95A66A007867DF /* F53OSCPacket.m in Sources */,
				074035381D95A66A007867DF /* NSNumber+F53OSCNumber.m in Sources */,
				0740352D1D95A66A007867DF /* F53OSCClient.m in Sources */,
				074035321D95A66A007867DF /* F53OSCSocket.m in Sources */,
				074035331D95A66A007867DF /* F53OSCTimeTag.m in Sources */,
				074035341D95A66A007867DF /* GCDAsyncSocket.m in Sources */,
				074035301D95A66A007867DF /* F53OSCParser.m in Sources */,
				074035391D95A66A007867DF /* NSString+F53OSCString.m in Sources */,
			);
			runOnlyForDeploymentPostprocessing = 0;
		};
/* End PBXSourcesBuildPhase section */

/* Begin PBXVariantGroup section */
		0741945D1D94320900376EF1 /* Main.storyboard */ = {
			isa = PBXVariantGroup;
			children = (
				0741945E1D94320900376EF1 /* Base */,
			);
			name = Main.storyboard;
			sourceTree = "<group>";
		};
		074194621D94320900376EF1 /* LaunchScreen.storyboard */ = {
			isa = PBXVariantGroup;
			children = (
				074194631D94320900376EF1 /* Base */,
			);
			name = LaunchScreen.storyboard;
			sourceTree = "<group>";
		};
/* End PBXVariantGroup section */

/* Begin XCBuildConfiguration section */
		074194661D94320900376EF1 /* Debug */ = {
			isa = XCBuildConfiguration;
			buildSettings = {
				ALWAYS_SEARCH_USER_PATHS = NO;
				CLANG_ANALYZER_NONNULL = YES;
				CLANG_CXX_LANGUAGE_STANDARD = "gnu++0x";
				CLANG_CXX_LIBRARY = "libc++";
				CLANG_ENABLE_MODULES = YES;
				CLANG_ENABLE_OBJC_ARC = YES;
				CLANG_WARN_BOOL_CONVERSION = YES;
				CLANG_WARN_CONSTANT_CONVERSION = YES;
				CLANG_WARN_DIRECT_OBJC_ISA_USAGE = YES_ERROR;
				CLANG_WARN_DOCUMENTATION_COMMENTS = YES;
				CLANG_WARN_EMPTY_BODY = YES;
				CLANG_WARN_ENUM_CONVERSION = YES;
				CLANG_WARN_INFINITE_RECURSION = YES;
				CLANG_WARN_INT_CONVERSION = YES;
				CLANG_WARN_OBJC_ROOT_CLASS = YES_ERROR;
				CLANG_WARN_SUSPICIOUS_MOVES = YES;
				CLANG_WARN_UNREACHABLE_CODE = YES;
				CLANG_WARN__DUPLICATE_METHOD_MATCH = YES;
				"CODE_SIGN_IDENTITY[sdk=iphoneos*]" = "iPhone Developer";
				COPY_PHASE_STRIP = NO;
				DEBUG_INFORMATION_FORMAT = dwarf;
				ENABLE_STRICT_OBJC_MSGSEND = YES;
				ENABLE_TESTABILITY = YES;
				GCC_C_LANGUAGE_STANDARD = gnu99;
				GCC_DYNAMIC_NO_PIC = NO;
				GCC_NO_COMMON_BLOCKS = YES;
				GCC_OPTIMIZATION_LEVEL = 0;
				GCC_PREPROCESSOR_DEFINITIONS = (
					"DEBUG=1",
					"$(inherited)",
				);
				GCC_WARN_64_TO_32_BIT_CONVERSION = YES;
				GCC_WARN_ABOUT_RETURN_TYPE = YES_ERROR;
				GCC_WARN_UNDECLARED_SELECTOR = YES;
				GCC_WARN_UNINITIALIZED_AUTOS = YES_AGGRESSIVE;
				GCC_WARN_UNUSED_FUNCTION = YES;
				GCC_WARN_UNUSED_VARIABLE = YES;
				IPHONEOS_DEPLOYMENT_TARGET = 8.4;
				MTL_ENABLE_DEBUG_INFO = YES;
				ONLY_ACTIVE_ARCH = YES;
				SDKROOT = iphoneos;
				SWIFT_ACTIVE_COMPILATION_CONDITIONS = DEBUG;
				SWIFT_OPTIMIZATION_LEVEL = "-Onone";
				TARGETED_DEVICE_FAMILY = "1,2";
			};
			name = Debug;
		};
		074194671D94320900376EF1 /* Release */ = {
			isa = XCBuildConfiguration;
			buildSettings = {
				ALWAYS_SEARCH_USER_PATHS = NO;
				CLANG_ANALYZER_NONNULL = YES;
				CLANG_CXX_LANGUAGE_STANDARD = "gnu++0x";
				CLANG_CXX_LIBRARY = "libc++";
				CLANG_ENABLE_MODULES = YES;
				CLANG_ENABLE_OBJC_ARC = YES;
				CLANG_WARN_BOOL_CONVERSION = YES;
				CLANG_WARN_CONSTANT_CONVERSION = YES;
				CLANG_WARN_DIRECT_OBJC_ISA_USAGE = YES_ERROR;
				CLANG_WARN_DOCUMENTATION_COMMENTS = YES;
				CLANG_WARN_EMPTY_BODY = YES;
				CLANG_WARN_ENUM_CONVERSION = YES;
				CLANG_WARN_INFINITE_RECURSION = YES;
				CLANG_WARN_INT_CONVERSION = YES;
				CLANG_WARN_OBJC_ROOT_CLASS = YES_ERROR;
				CLANG_WARN_SUSPICIOUS_MOVES = YES;
				CLANG_WARN_UNREACHABLE_CODE = YES;
				CLANG_WARN__DUPLICATE_METHOD_MATCH = YES;
				"CODE_SIGN_IDENTITY[sdk=iphoneos*]" = "iPhone Developer";
				COPY_PHASE_STRIP = NO;
				DEBUG_INFORMATION_FORMAT = "dwarf-with-dsym";
				ENABLE_NS_ASSERTIONS = NO;
				ENABLE_STRICT_OBJC_MSGSEND = YES;
				GCC_C_LANGUAGE_STANDARD = gnu99;
				GCC_NO_COMMON_BLOCKS = YES;
				GCC_WARN_64_TO_32_BIT_CONVERSION = YES;
				GCC_WARN_ABOUT_RETURN_TYPE = YES_ERROR;
				GCC_WARN_UNDECLARED_SELECTOR = YES;
				GCC_WARN_UNINITIALIZED_AUTOS = YES_AGGRESSIVE;
				GCC_WARN_UNUSED_FUNCTION = YES;
				GCC_WARN_UNUSED_VARIABLE = YES;
				IPHONEOS_DEPLOYMENT_TARGET = 8.4;
				MTL_ENABLE_DEBUG_INFO = NO;
				SDKROOT = iphoneos;
				SWIFT_OPTIMIZATION_LEVEL = "-Owholemodule";
				TARGETED_DEVICE_FAMILY = "1,2";
				VALIDATE_PRODUCT = YES;
			};
			name = Release;
		};
		074194691D94320900376EF1 /* Debug */ = {
			isa = XCBuildConfiguration;
			buildSettings = {
				ASSETCATALOG_COMPILER_APPICON_NAME = AppIcon;
				CLANG_ENABLE_MODULES = YES;
				DEVELOPMENT_TEAM = F8LCL8SXLX;
				ENABLE_BITCODE = NO;
				FRAMEWORK_SEARCH_PATHS = (
					"$(inherited)",
					"$(PROJECT_DIR)/Carthage/Build/iOS",
				);
				INFOPLIST_FILE = elevencircuits/Info.plist;
				IPHONEOS_DEPLOYMENT_TARGET = 8.4;
				LD_RUNPATH_SEARCH_PATHS = "$(inherited) @executable_path/Frameworks";
				PRODUCT_BUNDLE_IDENTIFIER = com.bean.elevencircuits;
				PRODUCT_NAME = "$(TARGET_NAME)";
				SWIFT_OBJC_BRIDGING_HEADER = "elevencircuits/elevencircuits-Bridging-Header.h";
				SWIFT_OPTIMIZATION_LEVEL = "-Onone";
				SWIFT_VERSION = 3.0;
			};
			name = Debug;
		};
		0741946A1D94320900376EF1 /* Release */ = {
			isa = XCBuildConfiguration;
			buildSettings = {
				ASSETCATALOG_COMPILER_APPICON_NAME = AppIcon;
				CLANG_ENABLE_MODULES = YES;
				DEVELOPMENT_TEAM = F8LCL8SXLX;
				ENABLE_BITCODE = NO;
				FRAMEWORK_SEARCH_PATHS = (
					"$(inherited)",
					"$(PROJECT_DIR)/Carthage/Build/iOS",
				);
				INFOPLIST_FILE = elevencircuits/Info.plist;
				IPHONEOS_DEPLOYMENT_TARGET = 8.4;
				LD_RUNPATH_SEARCH_PATHS = "$(inherited) @executable_path/Frameworks";
				PRODUCT_BUNDLE_IDENTIFIER = com.bean.elevencircuits;
				PRODUCT_NAME = "$(TARGET_NAME)";
				SWIFT_OBJC_BRIDGING_HEADER = "elevencircuits/elevencircuits-Bridging-Header.h";
				SWIFT_VERSION = 3.0;
			};
			name = Release;
		};
/* End XCBuildConfiguration section */

/* Begin XCConfigurationList section */
		074194511D94320900376EF1 /* Build configuration list for PBXProject "elevencircuits" */ = {
			isa = XCConfigurationList;
			buildConfigurations = (
				074194661D94320900376EF1 /* Debug */,
				074194671D94320900376EF1 /* Release */,
			);
			defaultConfigurationIsVisible = 0;
			defaultConfigurationName = Release;
		};
		074194681D94320900376EF1 /* Build configuration list for PBXNativeTarget "elevencircuits" */ = {
			isa = XCConfigurationList;
			buildConfigurations = (
				074194691D94320900376EF1 /* Debug */,
				0741946A1D94320900376EF1 /* Release */,
			);
			defaultConfigurationIsVisible = 0;
			defaultConfigurationName = Release;
		};
/* End XCConfigurationList section */
	};
	rootObject = 0741944E1D94320900376EF1 /* Project object */;
}
